// !$*UTF8*$!
{
	archiveVersion = 1;
	classes = {
	};
	objectVersion = 56;
	objects = {

/* Begin PBXBuildFile section */
		582E14A629CAF1FE004E5447 /* tepangApp.swift in Sources */ = {isa = PBXBuildFile; fileRef = 582E14A529CAF1FE004E5447 /* tepangApp.swift */; };
		582E14A829CAF1FE004E5447 /* ContentView.swift in Sources */ = {isa = PBXBuildFile; fileRef = 582E14A729CAF1FE004E5447 /* ContentView.swift */; };
		582E14AA29CAF1FF004E5447 /* Assets.xcassets in Resources */ = {isa = PBXBuildFile; fileRef = 582E14A929CAF1FF004E5447 /* Assets.xcassets */; };
		582E14AD29CAF1FF004E5447 /* Preview Assets.xcassets in Resources */ = {isa = PBXBuildFile; fileRef = 582E14AC29CAF1FF004E5447 /* Preview Assets.xcassets */; };
		582E14B429CAF245004E5447 /* RulesView.swift in Sources */ = {isa = PBXBuildFile; fileRef = 582E14B329CAF245004E5447 /* RulesView.swift */; };
		58C702CF29D05B840005A194 /* spinaudio.mp3 in Resources */ = {isa = PBXBuildFile; fileRef = 58C702CE29D05B840005A194 /* spinaudio.mp3 */; };
		58C702D129D069F30005A194 /* telurpecah.mp3 in Resources */ = {isa = PBXBuildFile; fileRef = 58C702D029D069F30005A194 /* telurpecah.mp3 */; };
		58C702D329D0727E0005A194 /* popUp.mp3 in Resources */ = {isa = PBXBuildFile; fileRef = 58C702D229D0727E0005A194 /* popUp.mp3 */; };
		58F77DFC29CB3A9E00064611 /* backgroundMusic.mp3 in Resources */ = {isa = PBXBuildFile; fileRef = 58F77DFB29CB3A9E00064611 /* backgroundMusic.mp3 */; };
/* End PBXBuildFile section */

/* Begin PBXFileReference section */
		582E14A229CAF1FE004E5447 /* Tepang.app */ = {isa = PBXFileReference; explicitFileType = wrapper.application; includeInIndex = 0; path = Tepang.app; sourceTree = BUILT_PRODUCTS_DIR; };
		582E14A529CAF1FE004E5447 /* tepangApp.swift */ = {isa = PBXFileReference; lastKnownFileType = sourcecode.swift; path = tepangApp.swift; sourceTree = "<group>"; };
		582E14A729CAF1FE004E5447 /* ContentView.swift */ = {isa = PBXFileReference; lastKnownFileType = sourcecode.swift; path = ContentView.swift; sourceTree = "<group>"; };
		582E14A929CAF1FF004E5447 /* Assets.xcassets */ = {isa = PBXFileReference; lastKnownFileType = folder.assetcatalog; path = Assets.xcassets; sourceTree = "<group>"; };
		582E14AC29CAF1FF004E5447 /* Preview Assets.xcassets */ = {isa = PBXFileReference; lastKnownFileType = folder.assetcatalog; path = "Preview Assets.xcassets"; sourceTree = "<group>"; };
		582E14B329CAF245004E5447 /* RulesView.swift */ = {isa = PBXFileReference; lastKnownFileType = sourcecode.swift; path = RulesView.swift; sourceTree = "<group>"; };
		58C702CE29D05B840005A194 /* spinaudio.mp3 */ = {isa = PBXFileReference; lastKnownFileType = audio.mp3; path = spinaudio.mp3; sourceTree = "<group>"; };
		58C702D029D069F30005A194 /* telurpecah.mp3 */ = {isa = PBXFileReference; lastKnownFileType = audio.mp3; path = telurpecah.mp3; sourceTree = "<group>"; };
		58C702D229D0727E0005A194 /* popUp.mp3 */ = {isa = PBXFileReference; lastKnownFileType = audio.mp3; path = popUp.mp3; sourceTree = "<group>"; };
		58F77DF829CAFDBE00064611 /* Info.plist */ = {isa = PBXFileReference; lastKnownFileType = text.plist; path = Info.plist; sourceTree = "<group>"; };
		58F77DFB29CB3A9E00064611 /* backgroundMusic.mp3 */ = {isa = PBXFileReference; lastKnownFileType = audio.mp3; path = backgroundMusic.mp3; sourceTree = SOURCE_ROOT; };
/* End PBXFileReference section */

/* Begin PBXFrameworksBuildPhase section */
		582E149F29CAF1FE004E5447 /* Frameworks */ = {
			isa = PBXFrameworksBuildPhase;
			buildActionMask = 2147483647;
			files = (
			);
			runOnlyForDeploymentPostprocessing = 0;
		};
/* End PBXFrameworksBuildPhase section */

/* Begin PBXGroup section */
		582E149929CAF1FE004E5447 = {
			isa = PBXGroup;
			children = (
				582E14A429CAF1FE004E5447 /* tepang */,
				582E14A329CAF1FE004E5447 /* Products */,
			);
			sourceTree = "<group>";
		};
		582E14A329CAF1FE004E5447 /* Products */ = {
			isa = PBXGroup;
			children = (
				582E14A229CAF1FE004E5447 /* Tepang.app */,
			);
			name = Products;
			sourceTree = "<group>";
		};
		582E14A429CAF1FE004E5447 /* tepang */ = {
			isa = PBXGroup;
			children = (
				58F77DF829CAFDBE00064611 /* Info.plist */,
				582E14A529CAF1FE004E5447 /* tepangApp.swift */,
				58C702D029D069F30005A194 /* telurpecah.mp3 */,
				58C702CE29D05B840005A194 /* spinaudio.mp3 */,
				58F77DFB29CB3A9E00064611 /* backgroundMusic.mp3 */,
				58C702D229D0727E0005A194 /* popUp.mp3 */,
				582E14A729CAF1FE004E5447 /* ContentView.swift */,
				582E14B329CAF245004E5447 /* RulesView.swift */,
				582E14A929CAF1FF004E5447 /* Assets.xcassets */,
				582E14AB29CAF1FF004E5447 /* Preview Content */,
			);
			path = tepang;
			sourceTree = "<group>";
		};
		582E14AB29CAF1FF004E5447 /* Preview Content */ = {
			isa = PBXGroup;
			children = (
				582E14AC29CAF1FF004E5447 /* Preview Assets.xcassets */,
			);
			path = "Preview Content";
			sourceTree = "<group>";
		};
/* End PBXGroup section */

/* Begin PBXNativeTarget section */
		582E14A129CAF1FE004E5447 /* tepang */ = {
			isa = PBXNativeTarget;
			buildConfigurationList = 582E14B029CAF1FF004E5447 /* Build configuration list for PBXNativeTarget "tepang" */;
			buildPhases = (
				582E149E29CAF1FE004E5447 /* Sources */,
				582E149F29CAF1FE004E5447 /* Frameworks */,
				582E14A029CAF1FE004E5447 /* Resources */,
			);
			buildRules = (
			);
			dependencies = (
			);
			name = tepang;
			productName = tepang;
			productReference = 582E14A229CAF1FE004E5447 /* Tepang.app */;
			productType = "com.apple.product-type.application";
		};
/* End PBXNativeTarget section */

/* Begin PBXProject section */
		582E149A29CAF1FE004E5447 /* Project object */ = {
			isa = PBXProject;
			attributes = {
				BuildIndependentTargetsInParallel = 1;
				LastSwiftUpdateCheck = 1420;
				LastUpgradeCheck = 1420;
				TargetAttributes = {
					582E14A129CAF1FE004E5447 = {
						CreatedOnToolsVersion = 14.2;
					};
				};
			};
			buildConfigurationList = 582E149D29CAF1FE004E5447 /* Build configuration list for PBXProject "tepang" */;
			compatibilityVersion = "Xcode 14.0";
			developmentRegion = en;
			hasScannedForEncodings = 0;
			knownRegions = (
				en,
				Base,
			);
			mainGroup = 582E149929CAF1FE004E5447;
			productRefGroup = 582E14A329CAF1FE004E5447 /* Products */;
			projectDirPath = "";
			projectRoot = "";
			targets = (
				582E14A129CAF1FE004E5447 /* tepang */,
			);
		};
/* End PBXProject section */

/* Begin PBXResourcesBuildPhase section */
		582E14A029CAF1FE004E5447 /* Resources */ = {
			isa = PBXResourcesBuildPhase;
			buildActionMask = 2147483647;
			files = (
				582E14AD29CAF1FF004E5447 /* Preview Assets.xcassets in Resources */,
				58F77DFC29CB3A9E00064611 /* backgroundMusic.mp3 in Resources */,
				582E14AA29CAF1FF004E5447 /* Assets.xcassets in Resources */,
				58C702CF29D05B840005A194 /* spinaudio.mp3 in Resources */,
				58C702D129D069F30005A194 /* telurpecah.mp3 in Resources */,
				58C702D329D0727E0005A194 /* popUp.mp3 in Resources */,
			);
			runOnlyForDeploymentPostprocessing = 0;
		};
/* End PBXResourcesBuildPhase section */

/* Begin PBXSourcesBuildPhase section */
		582E149E29CAF1FE004E5447 /* Sources */ = {
			isa = PBXSourcesBuildPhase;
			buildActionMask = 2147483647;
			files = (
				582E14A829CAF1FE004E5447 /* ContentView.swift in Sources */,
				582E14A629CAF1FE004E5447 /* tepangApp.swift in Sources */,
				582E14B429CAF245004E5447 /* RulesView.swift in Sources */,
			);
			runOnlyForDeploymentPostprocessing = 0;
		};
/* End PBXSourcesBuildPhase section */

/* Begin XCBuildConfiguration section */
		582E14AE29CAF1FF004E5447 /* Debug */ = {
			isa = XCBuildConfiguration;
			buildSettings = {
				ALWAYS_SEARCH_USER_PATHS = NO;
				CLANG_ANALYZER_NONNULL = YES;
				CLANG_ANALYZER_NUMBER_OBJECT_CONVERSION = YES_AGGRESSIVE;
				CLANG_CXX_LANGUAGE_STANDARD = "gnu++20";
				CLANG_ENABLE_MODULES = YES;
				CLANG_ENABLE_OBJC_ARC = YES;
				CLANG_ENABLE_OBJC_WEAK = YES;
				CLANG_WARN_BLOCK_CAPTURE_AUTORELEASING = YES;
				CLANG_WARN_BOOL_CONVERSION = YES;
				CLANG_WARN_COMMA = YES;
				CLANG_WARN_CONSTANT_CONVERSION = YES;
				CLANG_WARN_DEPRECATED_OBJC_IMPLEMENTATIONS = YES;
				CLANG_WARN_DIRECT_OBJC_ISA_USAGE = YES_ERROR;
				CLANG_WARN_DOCUMENTATION_COMMENTS = YES;
				CLANG_WARN_EMPTY_BODY = YES;
				CLANG_WARN_ENUM_CONVERSION = YES;
				CLANG_WARN_INFINITE_RECURSION = YES;
				CLANG_WARN_INT_CONVERSION = YES;
				CLANG_WARN_NON_LITERAL_NULL_CONVERSION = YES;
				CLANG_WARN_OBJC_IMPLICIT_RETAIN_SELF = YES;
				CLANG_WARN_OBJC_LITERAL_CONVERSION = YES;
				CLANG_WARN_OBJC_ROOT_CLASS = YES_ERROR;
				CLANG_WARN_QUOTED_INCLUDE_IN_FRAMEWORK_HEADER = YES;
				CLANG_WARN_RANGE_LOOP_ANALYSIS = YES;
				CLANG_WARN_STRICT_PROTOTYPES = YES;
				CLANG_WARN_SUSPICIOUS_MOVE = YES;
				CLANG_WARN_UNGUARDED_AVAILABILITY = YES_AGGRESSIVE;
				CLANG_WARN_UNREACHABLE_CODE = YES;
				CLANG_WARN__DUPLICATE_METHOD_MATCH = YES;
				COPY_PHASE_STRIP = NO;
				DEBUG_INFORMATION_FORMAT = dwarf;
				ENABLE_STRICT_OBJC_MSGSEND = YES;
				ENABLE_TESTABILITY = YES;
				GCC_C_LANGUAGE_STANDARD = gnu11;
				GCC_DYNAMIC_NO_PIC = NO;
				GCC_NO_COMMON_BLOCKS = YES;
				GCC_OPTIMIZATION_LEVEL = 0;
				GCC_PREPROCESSOR_DEFINITIONS = (
					"DEBUG=1",
					"$(inherited)",
				);
				GCC_WARN_64_TO_32_BIT_CONVERSION = YES;
				GCC_WARN_ABOUT_RETURN_TYPE = YES_ERROR;
				GCC_WARN_UNDECLARED_SELECTOR = YES;
				GCC_WARN_UNINITIALIZED_AUTOS = YES_AGGRESSIVE;
				GCC_WARN_UNUSED_FUNCTION = YES;
				GCC_WARN_UNUSED_VARIABLE = YES;
				IPHONEOS_DEPLOYMENT_TARGET = 16.2;
				MTL_ENABLE_DEBUG_INFO = INCLUDE_SOURCE;
				MTL_FAST_MATH = YES;
				ONLY_ACTIVE_ARCH = YES;
				SDKROOT = iphoneos;
				SWIFT_ACTIVE_COMPILATION_CONDITIONS = DEBUG;
				SWIFT_OPTIMIZATION_LEVEL = "-Onone";
			};
			name = Debug;
		};
		582E14AF29CAF1FF004E5447 /* Release */ = {
			isa = XCBuildConfiguration;
			buildSettings = {
				ALWAYS_SEARCH_USER_PATHS = NO;
				CLANG_ANALYZER_NONNULL = YES;
				CLANG_ANALYZER_NUMBER_OBJECT_CONVERSION = YES_AGGRESSIVE;
				CLANG_CXX_LANGUAGE_STANDARD = "gnu++20";
				CLANG_ENABLE_MODULES = YES;
				CLANG_ENABLE_OBJC_ARC = YES;
				CLANG_ENABLE_OBJC_WEAK = YES;
				CLANG_WARN_BLOCK_CAPTURE_AUTORELEASING = YES;
				CLANG_WARN_BOOL_CONVERSION = YES;
				CLANG_WARN_COMMA = YES;
				CLANG_WARN_CONSTANT_CONVERSION = YES;
				CLANG_WARN_DEPRECATED_OBJC_IMPLEMENTATIONS = YES;
				CLANG_WARN_DIRECT_OBJC_ISA_USAGE = YES_ERROR;
				CLANG_WARN_DOCUMENTATION_COMMENTS = YES;
				CLANG_WARN_EMPTY_BODY = YES;
				CLANG_WARN_ENUM_CONVERSION = YES;
				CLANG_WARN_INFINITE_RECURSION = YES;
				CLANG_WARN_INT_CONVERSION = YES;
				CLANG_WARN_NON_LITERAL_NULL_CONVERSION = YES;
				CLANG_WARN_OBJC_IMPLICIT_RETAIN_SELF = YES;
				CLANG_WARN_OBJC_LITERAL_CONVERSION = YES;
				CLANG_WARN_OBJC_ROOT_CLASS = YES_ERROR;
				CLANG_WARN_QUOTED_INCLUDE_IN_FRAMEWORK_HEADER = YES;
				CLANG_WARN_RANGE_LOOP_ANALYSIS = YES;
				CLANG_WARN_STRICT_PROTOTYPES = YES;
				CLANG_WARN_SUSPICIOUS_MOVE = YES;
				CLANG_WARN_UNGUARDED_AVAILABILITY = YES_AGGRESSIVE;
				CLANG_WARN_UNREACHABLE_CODE = YES;
				CLANG_WARN__DUPLICATE_METHOD_MATCH = YES;
				COPY_PHASE_STRIP = NO;
				DEBUG_INFORMATION_FORMAT = "dwarf-with-dsym";
				ENABLE_NS_ASSERTIONS = NO;
				ENABLE_STRICT_OBJC_MSGSEND = YES;
				GCC_C_LANGUAGE_STANDARD = gnu11;
				GCC_NO_COMMON_BLOCKS = YES;
				GCC_WARN_64_TO_32_BIT_CONVERSION = YES;
				GCC_WARN_ABOUT_RETURN_TYPE = YES_ERROR;
				GCC_WARN_UNDECLARED_SELECTOR = YES;
				GCC_WARN_UNINITIALIZED_AUTOS = YES_AGGRESSIVE;
				GCC_WARN_UNUSED_FUNCTION = YES;
				GCC_WARN_UNUSED_VARIABLE = YES;
				IPHONEOS_DEPLOYMENT_TARGET = 16.2;
				MTL_ENABLE_DEBUG_INFO = NO;
				MTL_FAST_MATH = YES;
				SDKROOT = iphoneos;
				SWIFT_COMPILATION_MODE = wholemodule;
				SWIFT_OPTIMIZATION_LEVEL = "-O";
				VALIDATE_PRODUCT = YES;
			};
			name = Release;
		};
		582E14B129CAF1FF004E5447 /* Debug */ = {
			isa = XCBuildConfiguration;
			buildSettings = {
				ASSETCATALOG_COMPILER_APPICON_NAME = AppIcon;
				ASSETCATALOG_COMPILER_GLOBAL_ACCENT_COLOR_NAME = AccentColor;
				CODE_SIGN_STYLE = Automatic;
				CURRENT_PROJECT_VERSION = 1;
				DEVELOPMENT_ASSET_PATHS = "\"tepang/Preview Content\"";
				DEVELOPMENT_TEAM = BJZP96946W;
				ENABLE_PREVIEWS = YES;
				GENERATE_INFOPLIST_FILE = YES;
				INFOPLIST_FILE = tepang/Info.plist;
				INFOPLIST_KEY_UIApplicationSceneManifest_Generation = YES;
				INFOPLIST_KEY_UIApplicationSupportsIndirectInputEvents = YES;
				INFOPLIST_KEY_UILaunchScreen_Generation = YES;
				INFOPLIST_KEY_UISupportedInterfaceOrientations_iPad = "UIInterfaceOrientationPortrait UIInterfaceOrientationPortraitUpsideDown UIInterfaceOrientationLandscapeLeft UIInterfaceOrientationLandscapeRight";
				INFOPLIST_KEY_UISupportedInterfaceOrientations_iPhone = "UIInterfaceOrientationPortrait UIInterfaceOrientationLandscapeLeft UIInterfaceOrientationLandscapeRight";
				LD_RUNPATH_SEARCH_PATHS = (
					"$(inherited)",
					"@executable_path/Frameworks",
				);
				MARKETING_VERSION = 1.0;
				PRODUCT_BUNDLE_IDENTIFIER = krisganteng.tepang;
				PRODUCT_NAME = Tepang;
				SWIFT_EMIT_LOC_STRINGS = YES;
				SWIFT_VERSION = 5.0;
				TARGETED_DEVICE_FAMILY = "1,2";
			};
			name = Debug;
		};
		582E14B229CAF1FF004E5447 /* Release */ = {
			isa = XCBuildConfiguration;
			buildSettings = {
				ASSETCATALOG_COMPILER_APPICON_NAME = AppIcon;
				ASSETCATALOG_COMPILER_GLOBAL_ACCENT_COLOR_NAME = AccentColor;
				CODE_SIGN_STYLE = Automatic;
				CURRENT_PROJECT_VERSION = 1;
				DEVELOPMENT_ASSET_PATHS = "\"tepang/Preview Content\"";
				DEVELOPMENT_TEAM = BJZP96946W;
				ENABLE_PREVIEWS = YES;
				GENERATE_INFOPLIST_FILE = YES;
				INFOPLIST_FILE = tepang/Info.plist;
				INFOPLIST_KEY_UIApplicationSceneManifest_Generation = YES;
				INFOPLIST_KEY_UIApplicationSupportsIndirectInputEvents = YES;
				INFOPLIST_KEY_UILaunchScreen_Generation = YES;
				INFOPLIST_KEY_UISupportedInterfaceOrientations_iPad = "UIInterfaceOrientationPortrait UIInterfaceOrientationPortraitUpsideDown UIInterfaceOrientationLandscapeLeft UIInterfaceOrientationLandscapeRight";
				INFOPLIST_KEY_UISupportedInterfaceOrientations_iPhone = "UIInterfaceOrientationPortrait UIInterfaceOrientationLandscapeLeft UIInterfaceOrientationLandscapeRight";
				LD_RUNPATH_SEARCH_PATHS = (
					"$(inherited)",
					"@executable_path/Frameworks",
				);
				MARKETING_VERSION = 1.0;
				PRODUCT_BUNDLE_IDENTIFIER = krisganteng.tepang;
				PRODUCT_NAME = Tepang;
				SWIFT_EMIT_LOC_STRINGS = YES;
				SWIFT_VERSION = 5.0;
				TARGETED_DEVICE_FAMILY = "1,2";
			};
			name = Release;
		};
/* End XCBuildConfiguration section */

/* Begin XCConfigurationList section */
		582E149D29CAF1FE004E5447 /* Build configuration list for PBXProject "tepang" */ = {
			isa = XCConfigurationList;
			buildConfigurations = (
				582E14AE29CAF1FF004E5447 /* Debug */,
				582E14AF29CAF1FF004E5447 /* Release */,
			);
			defaultConfigurationIsVisible = 0;
			defaultConfigurationName = Release;
		};
		582E14B029CAF1FF004E5447 /* Build configuration list for PBXNativeTarget "tepang" */ = {
			isa = XCConfigurationList;
			buildConfigurations = (
				582E14B129CAF1FF004E5447 /* Debug */,
				582E14B229CAF1FF004E5447 /* Release */,
			);
			defaultConfigurationIsVisible = 0;
			defaultConfigurationName = Release;
		};
/* End XCConfigurationList section */
	};
	rootObject = 582E149A29CAF1FE004E5447 /* Project object */;
}
